
Microsoft Visual Studio Solution File, Format Version 12.00
# Visual Studio Version 17
VisualStudioVersion = 17.8.34330.188
MinimumVisualStudioVersion = 10.0.40219.1
Project("{FAE04EC0-301F-11D3-BF4B-00C04F79EFBC}") = "Proyecto Discos", "Proyecto Discos\Proyecto Discos.csproj", "{117BBA72-921C-4B26-B448-F807B336205A}"
EndProject
Project("{FAE04EC0-301F-11D3-BF4B-00C04F79EFBC}") = "Dominio", "..\..\CURSO 2 C SHARP\DISCOS DB\Dominio\Dominio.csproj", "{D046F0DA-4962-4AF2-B1C0-6FCBF7139921}"
EndProject
Project("{FAE04EC0-301F-11D3-BF4B-00C04F79EFBC}") = "Negocio", "..\..\CURSO 2 C SHARP\DISCOS DB\Negocio\Negocio.csproj", "{61DFE52D-8E22-42A9-ABEC-7C5B3C23ADC7}"
EndProject
Project("{2150E333-8FDC-42A3-9474-1A3956D46DE8}") = "Solution Items", "Solution Items", "{2DCE56FE-8339-452D-A97D-E85D530D5BFD}"
	ProjectSection(SolutionItems) = preProject
		.editorconfig = .editorconfig
	EndProjectSection
EndProject
Global
	GlobalSection(SolutionConfigurationPlatforms) = preSolution
		Debug|Any CPU = Debug|Any CPU
		Release|Any CPU = Release|Any CPU
	EndGlobalSection
	GlobalSection(ProjectConfigurationPlatforms) = postSolution
		{117BBA72-921C-4B26-B448-F807B336205A}.Debug|Any CPU.ActiveCfg = Debug|Any CPU
		{117BBA72-921C-4B26-B448-F807B336205A}.Debug|Any CPU.Build.0 = Debug|Any CPU
		{117BBA72-921C-4B26-B448-F807B336205A}.Release|Any CPU.ActiveCfg = Release|Any CPU
		{117BBA72-921C-4B26-B448-F807B336205A}.Release|Any CPU.Build.0 = Release|Any CPU
		{D046F0DA-4962-4AF2-B1C0-6FCBF7139921}.Debug|Any CPU.ActiveCfg = Debug|Any CPU
		{D046F0DA-4962-4AF2-B1C0-6FCBF7139921}.Debug|Any CPU.Build.0 = Debug|Any CPU
		{D046F0DA-4962-4AF2-B1C0-6FCBF7139921}.Release|Any CPU.ActiveCfg = Release|Any CPU
		{D046F0DA-4962-4AF2-B1C0-6FCBF7139921}.Release|Any CPU.Build.0 = Release|Any CPU
		{61DFE52D-8E22-42A9-ABEC-7C5B3C23ADC7}.Debug|Any CPU.ActiveCfg = Debug|Any CPU
		{61DFE52D-8E22-42A9-ABEC-7C5B3C23ADC7}.Debug|Any CPU.Build.0 = Debug|Any CPU
		{61DFE52D-8E22-42A9-ABEC-7C5B3C23ADC7}.Release|Any CPU.ActiveCfg = Release|Any CPU
		{61DFE52D-8E22-42A9-ABEC-7C5B3C23ADC7}.Release|Any CPU.Build.0 = Release|Any CPU
	EndGlobalSection
	GlobalSection(SolutionProperties) = preSolution
		HideSolutionNode = FALSE
	EndGlobalSection
	GlobalSection(ExtensibilityGlobals) = postSolution
		SolutionGuid = {1B4DE9CD-943F-48BF-A9A7-E2E15217C2D6}
	EndGlobalSection
EndGlobal
